<?xml version="1.0" encoding="utf-8"?>
<Project ToolsVersion="4.0" xmlns="http://schemas.microsoft.com/developer/msbuild/2003">
  <ItemGroup>
    <Filter Include="Source Files">
      <UniqueIdentifier>{4FC737F1-C7A5-4376-A066-2A32D752A2FF}</UniqueIdentifier>
      <Extensions>cpp;c;cc;cxx;def;odl;idl;hpj;bat;asm;asmx</Extensions>
    </Filter>
    <Filter Include="Libs">
      <UniqueIdentifier>{368ebb90-02e5-4668-82df-a58f86a5ae3a}</UniqueIdentifier>
    </Filter>
  </ItemGroup>
  <ItemGroup>
    <ClCompile Include="Source\AIPlayer.cpp">
      <Filter>Source Files</Filter>
    </ClCompile>
    <ClCompile Include="Source\Ball.cpp">
      <Filter>Source Files</Filter>
    </ClCompile>
    <ClCompile Include="Source\Game.cpp">
      <Filter>Source Files</Filter>
    </ClCompile>
    <ClCompile Include="Source\Player.cpp">
      <Filter>Source Files</Filter>
    </ClCompile>
    <ClCompile Include="Source\Room.cpp">
      <Filter>Source Files</Filter>
    </ClCompile>
  </ItemGroup>
  <ItemGroup>
    <ClInclude Include="Source\AIPlayer.h">
      <Filter>Source Files</Filter>
    </ClInclude>
    <ClInclude Include="Source\Ball.h">
      <Filter>Source Files</Filter>
    </ClInclude>
    <ClInclude Include="Source\Game.h">
      <Filter>Source Files</Filter>
    </ClInclude>
    <ClInclude Include="Source\Player.h">
      <Filter>Source Files</Filter>
    </ClInclude>
    <ClInclude Include="Source\Room.h">
      <Filter>Source Files</Filter>
    </ClInclude>
  </ItemGroup>
  <ItemGroup>
    <Library Include="Libraries\freeglut-2.6.0\VisualStudio2008Static\Release\freeglut_static.lib">
      <Filter>Libs</Filter>
    </Library>
    <Library Include="Libraries\GLTools\lib\gltools.lib">
      <Filter>Libs</Filter>
    </Library>
    <Library Include="Libraries\freeglut-2.6.0\VisualStudio2008\Release\freeglut.lib">
      <Filter>Libs</Filter>
    </Library>
  </ItemGroup>
</Project>